
Microsoft Visual Studio Solution File, Format Version 12.00
Project("{FAE04EC0-301F-11D3-BF4B-00C04F79EFBC}") = "cw3_projekt_1_APBD", "cw3_projekt_1_APBD\cw3_projekt_1_APBD.csproj", "{AC8844D9-D647-438A-97BB-6D3B8C93DFA4}"
EndProject
Global
	GlobalSection(SolutionConfigurationPlatforms) = preSolution
		Debug|Any CPU = Debug|Any CPU
		Release|Any CPU = Release|Any CPU
	EndGlobalSection
	GlobalSection(ProjectConfigurationPlatforms) = postSolution
		{AC8844D9-D647-438A-97BB-6D3B8C93DFA4}.Debug|Any CPU.ActiveCfg = Debug|Any CPU
		{AC8844D9-D647-438A-97BB-6D3B8C93DFA4}.Debug|Any CPU.Build.0 = Debug|Any CPU
		{AC8844D9-D647-438A-97BB-6D3B8C93DFA4}.Release|Any CPU.ActiveCfg = Release|Any CPU
		{AC8844D9-D647-438A-97BB-6D3B8C93DFA4}.Release|Any CPU.Build.0 = Release|Any CPU
	EndGlobalSection
EndGlobal
